
Microsoft Visual Studio Solution File, Format Version 12.00
# Visual Studio Version 16
VisualStudioVersion = 16.0.31019.35
MinimumVisualStudioVersion = 10.0.40219.1
Project("{FAE04EC0-301F-11D3-BF4B-00C04F79EFBC}") = "ProductReviewManagement", "ProductReviewManagement\ProductReviewManagement.csproj", "{79CD3F61-84E5-4BE7-8A75-55CF7E1C57D9}"
EndProject
Global
	GlobalSection(SolutionConfigurationPlatforms) = preSolution
		Debug|Any CPU = Debug|Any CPU
		Release|Any CPU = Release|Any CPU
	EndGlobalSection
	GlobalSection(ProjectConfigurationPlatforms) = postSolution
		{79CD3F61-84E5-4BE7-8A75-55CF7E1C57D9}.Debug|Any CPU.ActiveCfg = Debug|Any CPU
		{79CD3F61-84E5-4BE7-8A75-55CF7E1C57D9}.Debug|Any CPU.Build.0 = Debug|Any CPU
		{79CD3F61-84E5-4BE7-8A75-55CF7E1C57D9}.Release|Any CPU.ActiveCfg = Release|Any CPU
		{79CD3F61-84E5-4BE7-8A75-55CF7E1C57D9}.Release|Any CPU.Build.0 = Release|Any CPU
	EndGlobalSection
	GlobalSection(SolutionProperties) = preSolution
		HideSolutionNode = FALSE
	EndGlobalSection
	GlobalSection(ExtensibilityGlobals) = postSolution
		SolutionGuid = {81348EC6-4BED-4714-B6B5-93487A90AD5E}
	EndGlobalSection
EndGlobal
